
Microsoft Visual Studio Solution File, Format Version 12.00
# Visual Studio Version 17
VisualStudioVersion = 17.3.32825.248
MinimumVisualStudioVersion = 10.0.40219.1
Project("{9A19103F-16F7-4668-BE54-9A1E7A4F7556}") = "WebMVC", "WebMVC\WebMVC.csproj", "{780E7D4E-7122-4AD3-805F-AE4FB6B58A32}"
	ProjectSection(ProjectDependencies) = postProject
		{3C507D78-BAFC-4A60-8EA0-2AA7779703E9} = {3C507D78-BAFC-4A60-8EA0-2AA7779703E9}
		{4E1277AC-3534-4160-AEF1-B4F129CCDB23} = {4E1277AC-3534-4160-AEF1-B4F129CCDB23}
		{615EA7DE-1DBE-47FC-B5F9-AA5FE98970B9} = {615EA7DE-1DBE-47FC-B5F9-AA5FE98970B9}
		{9556225A-7097-49B3-B6E8-DBDD4045B4C2} = {9556225A-7097-49B3-B6E8-DBDD4045B4C2}
		{961E2CE3-246C-4752-9F0B-060BE3664A9D} = {961E2CE3-246C-4752-9F0B-060BE3664A9D}
		{C59C053D-D5C8-405D-A7B6-FB10D7CE6AD6} = {C59C053D-D5C8-405D-A7B6-FB10D7CE6AD6}
		{ED20DFA8-1D40-47F6-9965-D59258DDE132} = {ED20DFA8-1D40-47F6-9965-D59258DDE132}
		{F449BA00-9438-4AF0-AA83-BC57DF09E85B} = {F449BA00-9438-4AF0-AA83-BC57DF09E85B}
		{FBAF2F0C-620C-4CF6-A689-0A1E0109D2C0} = {FBAF2F0C-620C-4CF6-A689-0A1E0109D2C0}
	EndProjectSection
EndProject
Project("{2150E333-8FDC-42A3-9474-1A3956D46DE8}") = "src", "src", "{5BE5C4F0-9D2B-4FDE-94C9-567BE3BA0AC7}"
EndProject
Project("{2150E333-8FDC-42A3-9474-1A3956D46DE8}") = "Web", "Web", "{3D8CCE5E-54A0-47B3-B805-9F6575BFCB2A}"
EndProject
Project("{2150E333-8FDC-42A3-9474-1A3956D46DE8}") = "ServicesMedical", "ServicesMedical", "{E19719DC-1078-49FA-86AA-7150B80F580E}"
EndProject
Project("{2150E333-8FDC-42A3-9474-1A3956D46DE8}") = "ApiGateways", "ApiGateways", "{160C2C97-EEAE-434B-AFFB-B293E0013ABC}"
EndProject
Project("{9A19103F-16F7-4668-BE54-9A1E7A4F7556}") = "OcelotApiGw", "ApiGateways\OcelotApiGw\OcelotApiGw.csproj", "{3C507D78-BAFC-4A60-8EA0-2AA7779703E9}"
EndProject
Project("{2150E333-8FDC-42A3-9474-1A3956D46DE8}") = "Usuarios", "Usuarios", "{935EE67F-D7ED-4F27-90C4-FF9DD11581CC}"
EndProject
Project("{9A19103F-16F7-4668-BE54-9A1E7A4F7556}") = "Usuarios.API", "Services\Usuarios\Usuarios.API\Usuarios.API.csproj", "{FBAF2F0C-620C-4CF6-A689-0A1E0109D2C0}"
EndProject
Project("{2150E333-8FDC-42A3-9474-1A3956D46DE8}") = "Agendamientos", "Agendamientos", "{430FD9CE-49B9-4DB5-80B3-46693C6171AB}"
EndProject
Project("{9A19103F-16F7-4668-BE54-9A1E7A4F7556}") = "Agendamientos.API", "Services\Agendamientos\Agendamientos.API\Agendamientos.API.csproj", "{9556225A-7097-49B3-B6E8-DBDD4045B4C2}"
EndProject
Project("{2150E333-8FDC-42A3-9474-1A3956D46DE8}") = "Correos", "Correos", "{ED255262-EBBF-440B-934A-57129156ED06}"
EndProject
Project("{9A19103F-16F7-4668-BE54-9A1E7A4F7556}") = "Correos.API", "Correos.API\Correos.API.csproj", "{F449BA00-9438-4AF0-AA83-BC57DF09E85B}"
EndProject
Project("{2150E333-8FDC-42A3-9474-1A3956D46DE8}") = "Reports", "Reports", "{26FC70BE-2379-42EA-8CFC-BDC2753FA382}"
EndProject
Project("{FAE04EC0-301F-11D3-BF4B-00C04F79EFBC}") = "ServicioReporte", "ServicioReporte\ServicioReporte.csproj", "{ED20DFA8-1D40-47F6-9965-D59258DDE132}"
EndProject
Project("{2150E333-8FDC-42A3-9474-1A3956D46DE8}") = "Snabb", "Snabb", "{80D4F106-8500-47EC-BCB8-55F1B037F85F}"
EndProject
Project("{2150E333-8FDC-42A3-9474-1A3956D46DE8}") = "Yapp", "Yapp", "{F2AF5C4B-860B-40AB-8D75-DC1337D5F9C3}"
EndProject
Project("{9A19103F-16F7-4668-BE54-9A1E7A4F7556}") = "Snabb", "Snabb\Snabb.csproj", "{4E1277AC-3534-4160-AEF1-B4F129CCDB23}"
EndProject
Project("{9A19103F-16F7-4668-BE54-9A1E7A4F7556}") = "Yapp", "Yapp\Yapp.csproj", "{961E2CE3-246C-4752-9F0B-060BE3664A9D}"
EndProject
Project("{2150E333-8FDC-42A3-9474-1A3956D46DE8}") = "LogUso", "LogUso", "{54E6E7D8-887C-4CC6-A3F5-5B9B8A9EDB55}"
EndProject
Project("{9A19103F-16F7-4668-BE54-9A1E7A4F7556}") = "LogUsoServicio", "LogUsoServicio\LogUsoServicio.csproj", "{615EA7DE-1DBE-47FC-B5F9-AA5FE98970B9}"
EndProject
Project("{9A19103F-16F7-4668-BE54-9A1E7A4F7556}") = "ApiEniax", "ApiEniax\ApiEniax.csproj", "{20FA7EC0-452B-4B0B-9912-386F7B10F328}"
EndProject
Project("{2150E333-8FDC-42A3-9474-1A3956D46DE8}") = "ServiciosSoap", "ServiciosSoap", "{34A742DA-6AAA-4B8C-9645-EDAD2704C33E}"
EndProject
Project("{9A19103F-16F7-4668-BE54-9A1E7A4F7556}") = "ServiciosSOAP", "ServiciosSOAP\ServiciosSOAP.csproj", "{852A8412-757E-4175-A83D-A5A75E4FB858}"
EndProject
Project("{2150E333-8FDC-42A3-9474-1A3956D46DE8}") = "MedicalSearchEngine", "MedicalSearchEngine", "{43EE056E-D546-4B7C-BD67-859AB1286E34}"
EndProject
Project("{9A19103F-16F7-4668-BE54-9A1E7A4F7556}") = "ApiMedicalSearchEngine", "ApiMedicalSearchEngine\ApiMedicalSearchEngine.csproj", "{C59C053D-D5C8-405D-A7B6-FB10D7CE6AD6}"
EndProject
Project("{9A19103F-16F7-4668-BE54-9A1E7A4F7556}") = "jitsicall", "jitsicall\jitsicall.csproj", "{9058141A-0560-47B8-B65A-B42DB8DFF0C5}"
EndProject
Project("{2150E333-8FDC-42A3-9474-1A3956D46DE8}") = "Encuestas", "Encuestas", "{3BD9E94C-F519-4BBB-B02D-AC871A6652B2}"
EndProject
Project("{9A19103F-16F7-4668-BE54-9A1E7A4F7556}") = "Encuestas.API", "NOM035\Encuestas.API.csproj", "{8251CBF8-0ABD-408D-B593-1798503090FC}"
EndProject
Project("{9A19103F-16F7-4668-BE54-9A1E7A4F7556}") = "VonageCall", "VonageCall\VonageCall.csproj", "{17A89790-C70D-4D39-88E0-1224B0AD6896}"
EndProject
Global
	GlobalSection(SolutionConfigurationPlatforms) = preSolution
		Debug|Any CPU = Debug|Any CPU
		Debug|x64 = Debug|x64
		Release|Any CPU = Release|Any CPU
		Release|x64 = Release|x64
	EndGlobalSection
	GlobalSection(ProjectConfigurationPlatforms) = postSolution
		{780E7D4E-7122-4AD3-805F-AE4FB6B58A32}.Debug|Any CPU.ActiveCfg = Debug|Any CPU
		{780E7D4E-7122-4AD3-805F-AE4FB6B58A32}.Debug|Any CPU.Build.0 = Debug|Any CPU
		{780E7D4E-7122-4AD3-805F-AE4FB6B58A32}.Debug|x64.ActiveCfg = Debug|Any CPU
		{780E7D4E-7122-4AD3-805F-AE4FB6B58A32}.Debug|x64.Build.0 = Debug|Any CPU
		{780E7D4E-7122-4AD3-805F-AE4FB6B58A32}.Release|Any CPU.ActiveCfg = Release|Any CPU
		{780E7D4E-7122-4AD3-805F-AE4FB6B58A32}.Release|Any CPU.Build.0 = Release|Any CPU
		{780E7D4E-7122-4AD3-805F-AE4FB6B58A32}.Release|x64.ActiveCfg = Release|Any CPU
		{780E7D4E-7122-4AD3-805F-AE4FB6B58A32}.Release|x64.Build.0 = Release|Any CPU
		{3C507D78-BAFC-4A60-8EA0-2AA7779703E9}.Debug|Any CPU.ActiveCfg = Debug|Any CPU
		{3C507D78-BAFC-4A60-8EA0-2AA7779703E9}.Debug|Any CPU.Build.0 = Debug|Any CPU
		{3C507D78-BAFC-4A60-8EA0-2AA7779703E9}.Debug|x64.ActiveCfg = Debug|Any CPU
		{3C507D78-BAFC-4A60-8EA0-2AA7779703E9}.Debug|x64.Build.0 = Debug|Any CPU
		{3C507D78-BAFC-4A60-8EA0-2AA7779703E9}.Release|Any CPU.ActiveCfg = Release|Any CPU
		{3C507D78-BAFC-4A60-8EA0-2AA7779703E9}.Release|Any CPU.Build.0 = Release|Any CPU
		{3C507D78-BAFC-4A60-8EA0-2AA7779703E9}.Release|x64.ActiveCfg = Release|Any CPU
		{3C507D78-BAFC-4A60-8EA0-2AA7779703E9}.Release|x64.Build.0 = Release|Any CPU
		{FBAF2F0C-620C-4CF6-A689-0A1E0109D2C0}.Debug|Any CPU.ActiveCfg = Debug|Any CPU
		{FBAF2F0C-620C-4CF6-A689-0A1E0109D2C0}.Debug|Any CPU.Build.0 = Debug|Any CPU
		{FBAF2F0C-620C-4CF6-A689-0A1E0109D2C0}.Debug|x64.ActiveCfg = Debug|Any CPU
		{FBAF2F0C-620C-4CF6-A689-0A1E0109D2C0}.Debug|x64.Build.0 = Debug|Any CPU
		{FBAF2F0C-620C-4CF6-A689-0A1E0109D2C0}.Release|Any CPU.ActiveCfg = Release|Any CPU
		{FBAF2F0C-620C-4CF6-A689-0A1E0109D2C0}.Release|Any CPU.Build.0 = Release|Any CPU
		{FBAF2F0C-620C-4CF6-A689-0A1E0109D2C0}.Release|x64.ActiveCfg = Release|Any CPU
		{FBAF2F0C-620C-4CF6-A689-0A1E0109D2C0}.Release|x64.Build.0 = Release|Any CPU
		{9556225A-7097-49B3-B6E8-DBDD4045B4C2}.Debug|Any CPU.ActiveCfg = Debug|Any CPU
		{9556225A-7097-49B3-B6E8-DBDD4045B4C2}.Debug|Any CPU.Build.0 = Debug|Any CPU
		{9556225A-7097-49B3-B6E8-DBDD4045B4C2}.Debug|x64.ActiveCfg = Debug|Any CPU
		{9556225A-7097-49B3-B6E8-DBDD4045B4C2}.Debug|x64.Build.0 = Debug|Any CPU
		{9556225A-7097-49B3-B6E8-DBDD4045B4C2}.Release|Any CPU.ActiveCfg = Release|Any CPU
		{9556225A-7097-49B3-B6E8-DBDD4045B4C2}.Release|Any CPU.Build.0 = Release|Any CPU
		{9556225A-7097-49B3-B6E8-DBDD4045B4C2}.Release|x64.ActiveCfg = Release|Any CPU
		{9556225A-7097-49B3-B6E8-DBDD4045B4C2}.Release|x64.Build.0 = Release|Any CPU
		{F449BA00-9438-4AF0-AA83-BC57DF09E85B}.Debug|Any CPU.ActiveCfg = Debug|Any CPU
		{F449BA00-9438-4AF0-AA83-BC57DF09E85B}.Debug|Any CPU.Build.0 = Debug|Any CPU
		{F449BA00-9438-4AF0-AA83-BC57DF09E85B}.Debug|x64.ActiveCfg = Debug|Any CPU
		{F449BA00-9438-4AF0-AA83-BC57DF09E85B}.Debug|x64.Build.0 = Debug|Any CPU
		{F449BA00-9438-4AF0-AA83-BC57DF09E85B}.Release|Any CPU.ActiveCfg = Release|Any CPU
		{F449BA00-9438-4AF0-AA83-BC57DF09E85B}.Release|Any CPU.Build.0 = Release|Any CPU
		{F449BA00-9438-4AF0-AA83-BC57DF09E85B}.Release|x64.ActiveCfg = Release|Any CPU
		{F449BA00-9438-4AF0-AA83-BC57DF09E85B}.Release|x64.Build.0 = Release|Any CPU
		{ED20DFA8-1D40-47F6-9965-D59258DDE132}.Debug|Any CPU.ActiveCfg = Debug|Any CPU
		{ED20DFA8-1D40-47F6-9965-D59258DDE132}.Debug|Any CPU.Build.0 = Debug|Any CPU
		{ED20DFA8-1D40-47F6-9965-D59258DDE132}.Debug|x64.ActiveCfg = Debug|x64
		{ED20DFA8-1D40-47F6-9965-D59258DDE132}.Debug|x64.Build.0 = Debug|x64
		{ED20DFA8-1D40-47F6-9965-D59258DDE132}.Release|Any CPU.ActiveCfg = Release|Any CPU
		{ED20DFA8-1D40-47F6-9965-D59258DDE132}.Release|Any CPU.Build.0 = Release|Any CPU
		{ED20DFA8-1D40-47F6-9965-D59258DDE132}.Release|x64.ActiveCfg = Release|x64
		{ED20DFA8-1D40-47F6-9965-D59258DDE132}.Release|x64.Build.0 = Release|x64
		{4E1277AC-3534-4160-AEF1-B4F129CCDB23}.Debug|Any CPU.ActiveCfg = Debug|Any CPU
		{4E1277AC-3534-4160-AEF1-B4F129CCDB23}.Debug|Any CPU.Build.0 = Debug|Any CPU
		{4E1277AC-3534-4160-AEF1-B4F129CCDB23}.Debug|x64.ActiveCfg = Debug|Any CPU
		{4E1277AC-3534-4160-AEF1-B4F129CCDB23}.Debug|x64.Build.0 = Debug|Any CPU
		{4E1277AC-3534-4160-AEF1-B4F129CCDB23}.Release|Any CPU.ActiveCfg = Release|Any CPU
		{4E1277AC-3534-4160-AEF1-B4F129CCDB23}.Release|Any CPU.Build.0 = Release|Any CPU
		{4E1277AC-3534-4160-AEF1-B4F129CCDB23}.Release|x64.ActiveCfg = Release|Any CPU
		{4E1277AC-3534-4160-AEF1-B4F129CCDB23}.Release|x64.Build.0 = Release|Any CPU
		{961E2CE3-246C-4752-9F0B-060BE3664A9D}.Debug|Any CPU.ActiveCfg = Debug|Any CPU
		{961E2CE3-246C-4752-9F0B-060BE3664A9D}.Debug|Any CPU.Build.0 = Debug|Any CPU
		{961E2CE3-246C-4752-9F0B-060BE3664A9D}.Debug|x64.ActiveCfg = Debug|Any CPU
		{961E2CE3-246C-4752-9F0B-060BE3664A9D}.Debug|x64.Build.0 = Debug|Any CPU
		{961E2CE3-246C-4752-9F0B-060BE3664A9D}.Release|Any CPU.ActiveCfg = Release|Any CPU
		{961E2CE3-246C-4752-9F0B-060BE3664A9D}.Release|Any CPU.Build.0 = Release|Any CPU
		{961E2CE3-246C-4752-9F0B-060BE3664A9D}.Release|x64.ActiveCfg = Release|Any CPU
		{961E2CE3-246C-4752-9F0B-060BE3664A9D}.Release|x64.Build.0 = Release|Any CPU
		{615EA7DE-1DBE-47FC-B5F9-AA5FE98970B9}.Debug|Any CPU.ActiveCfg = Debug|Any CPU
		{615EA7DE-1DBE-47FC-B5F9-AA5FE98970B9}.Debug|Any CPU.Build.0 = Debug|Any CPU
		{615EA7DE-1DBE-47FC-B5F9-AA5FE98970B9}.Debug|x64.ActiveCfg = Debug|Any CPU
		{615EA7DE-1DBE-47FC-B5F9-AA5FE98970B9}.Debug|x64.Build.0 = Debug|Any CPU
		{615EA7DE-1DBE-47FC-B5F9-AA5FE98970B9}.Release|Any CPU.ActiveCfg = Release|Any CPU
		{615EA7DE-1DBE-47FC-B5F9-AA5FE98970B9}.Release|Any CPU.Build.0 = Release|Any CPU
		{615EA7DE-1DBE-47FC-B5F9-AA5FE98970B9}.Release|x64.ActiveCfg = Release|Any CPU
		{615EA7DE-1DBE-47FC-B5F9-AA5FE98970B9}.Release|x64.Build.0 = Release|Any CPU
		{20FA7EC0-452B-4B0B-9912-386F7B10F328}.Debug|Any CPU.ActiveCfg = Debug|Any CPU
		{20FA7EC0-452B-4B0B-9912-386F7B10F328}.Debug|Any CPU.Build.0 = Debug|Any CPU
		{20FA7EC0-452B-4B0B-9912-386F7B10F328}.Debug|x64.ActiveCfg = Debug|Any CPU
		{20FA7EC0-452B-4B0B-9912-386F7B10F328}.Debug|x64.Build.0 = Debug|Any CPU
		{20FA7EC0-452B-4B0B-9912-386F7B10F328}.Release|Any CPU.ActiveCfg = Release|Any CPU
		{20FA7EC0-452B-4B0B-9912-386F7B10F328}.Release|Any CPU.Build.0 = Release|Any CPU
		{20FA7EC0-452B-4B0B-9912-386F7B10F328}.Release|x64.ActiveCfg = Release|Any CPU
		{20FA7EC0-452B-4B0B-9912-386F7B10F328}.Release|x64.Build.0 = Release|Any CPU
		{852A8412-757E-4175-A83D-A5A75E4FB858}.Debug|Any CPU.ActiveCfg = Debug|Any CPU
		{852A8412-757E-4175-A83D-A5A75E4FB858}.Debug|Any CPU.Build.0 = Debug|Any CPU
		{852A8412-757E-4175-A83D-A5A75E4FB858}.Debug|x64.ActiveCfg = Debug|Any CPU
		{852A8412-757E-4175-A83D-A5A75E4FB858}.Debug|x64.Build.0 = Debug|Any CPU
		{852A8412-757E-4175-A83D-A5A75E4FB858}.Release|Any CPU.ActiveCfg = Release|Any CPU
		{852A8412-757E-4175-A83D-A5A75E4FB858}.Release|Any CPU.Build.0 = Release|Any CPU
		{852A8412-757E-4175-A83D-A5A75E4FB858}.Release|x64.ActiveCfg = Release|Any CPU
		{852A8412-757E-4175-A83D-A5A75E4FB858}.Release|x64.Build.0 = Release|Any CPU
		{C59C053D-D5C8-405D-A7B6-FB10D7CE6AD6}.Debug|Any CPU.ActiveCfg = Debug|Any CPU
		{C59C053D-D5C8-405D-A7B6-FB10D7CE6AD6}.Debug|Any CPU.Build.0 = Debug|Any CPU
		{C59C053D-D5C8-405D-A7B6-FB10D7CE6AD6}.Debug|x64.ActiveCfg = Debug|Any CPU
		{C59C053D-D5C8-405D-A7B6-FB10D7CE6AD6}.Debug|x64.Build.0 = Debug|Any CPU
		{C59C053D-D5C8-405D-A7B6-FB10D7CE6AD6}.Release|Any CPU.ActiveCfg = Release|Any CPU
		{C59C053D-D5C8-405D-A7B6-FB10D7CE6AD6}.Release|Any CPU.Build.0 = Release|Any CPU
		{C59C053D-D5C8-405D-A7B6-FB10D7CE6AD6}.Release|x64.ActiveCfg = Release|Any CPU
		{C59C053D-D5C8-405D-A7B6-FB10D7CE6AD6}.Release|x64.Build.0 = Release|Any CPU
		{9058141A-0560-47B8-B65A-B42DB8DFF0C5}.Debug|Any CPU.ActiveCfg = Debug|Any CPU
		{9058141A-0560-47B8-B65A-B42DB8DFF0C5}.Debug|Any CPU.Build.0 = Debug|Any CPU
		{9058141A-0560-47B8-B65A-B42DB8DFF0C5}.Debug|x64.ActiveCfg = Debug|Any CPU
		{9058141A-0560-47B8-B65A-B42DB8DFF0C5}.Debug|x64.Build.0 = Debug|Any CPU
		{9058141A-0560-47B8-B65A-B42DB8DFF0C5}.Release|Any CPU.ActiveCfg = Release|Any CPU
		{9058141A-0560-47B8-B65A-B42DB8DFF0C5}.Release|Any CPU.Build.0 = Release|Any CPU
		{9058141A-0560-47B8-B65A-B42DB8DFF0C5}.Release|x64.ActiveCfg = Release|Any CPU
		{9058141A-0560-47B8-B65A-B42DB8DFF0C5}.Release|x64.Build.0 = Release|Any CPU
		{8251CBF8-0ABD-408D-B593-1798503090FC}.Debug|Any CPU.ActiveCfg = Debug|Any CPU
		{8251CBF8-0ABD-408D-B593-1798503090FC}.Debug|Any CPU.Build.0 = Debug|Any CPU
		{8251CBF8-0ABD-408D-B593-1798503090FC}.Debug|x64.ActiveCfg = Debug|Any CPU
		{8251CBF8-0ABD-408D-B593-1798503090FC}.Debug|x64.Build.0 = Debug|Any CPU
		{8251CBF8-0ABD-408D-B593-1798503090FC}.Release|Any CPU.ActiveCfg = Release|Any CPU
		{8251CBF8-0ABD-408D-B593-1798503090FC}.Release|Any CPU.Build.0 = Release|Any CPU
		{8251CBF8-0ABD-408D-B593-1798503090FC}.Release|x64.ActiveCfg = Release|Any CPU
		{8251CBF8-0ABD-408D-B593-1798503090FC}.Release|x64.Build.0 = Release|Any CPU
		{17A89790-C70D-4D39-88E0-1224B0AD6896}.Debug|Any CPU.ActiveCfg = Debug|Any CPU
		{17A89790-C70D-4D39-88E0-1224B0AD6896}.Debug|Any CPU.Build.0 = Debug|Any CPU
		{17A89790-C70D-4D39-88E0-1224B0AD6896}.Debug|x64.ActiveCfg = Debug|Any CPU
		{17A89790-C70D-4D39-88E0-1224B0AD6896}.Debug|x64.Build.0 = Debug|Any CPU
		{17A89790-C70D-4D39-88E0-1224B0AD6896}.Release|Any CPU.ActiveCfg = Release|Any CPU
		{17A89790-C70D-4D39-88E0-1224B0AD6896}.Release|Any CPU.Build.0 = Release|Any CPU
		{17A89790-C70D-4D39-88E0-1224B0AD6896}.Release|x64.ActiveCfg = Release|Any CPU
		{17A89790-C70D-4D39-88E0-1224B0AD6896}.Release|x64.Build.0 = Release|Any CPU
	EndGlobalSection
	GlobalSection(SolutionProperties) = preSolution
		HideSolutionNode = FALSE
	EndGlobalSection
	GlobalSection(NestedProjects) = preSolution
		{780E7D4E-7122-4AD3-805F-AE4FB6B58A32} = {3D8CCE5E-54A0-47B3-B805-9F6575BFCB2A}
		{3D8CCE5E-54A0-47B3-B805-9F6575BFCB2A} = {5BE5C4F0-9D2B-4FDE-94C9-567BE3BA0AC7}
		{E19719DC-1078-49FA-86AA-7150B80F580E} = {5BE5C4F0-9D2B-4FDE-94C9-567BE3BA0AC7}
		{160C2C97-EEAE-434B-AFFB-B293E0013ABC} = {E19719DC-1078-49FA-86AA-7150B80F580E}
		{3C507D78-BAFC-4A60-8EA0-2AA7779703E9} = {160C2C97-EEAE-434B-AFFB-B293E0013ABC}
		{935EE67F-D7ED-4F27-90C4-FF9DD11581CC} = {E19719DC-1078-49FA-86AA-7150B80F580E}
		{FBAF2F0C-620C-4CF6-A689-0A1E0109D2C0} = {935EE67F-D7ED-4F27-90C4-FF9DD11581CC}
		{430FD9CE-49B9-4DB5-80B3-46693C6171AB} = {E19719DC-1078-49FA-86AA-7150B80F580E}
		{9556225A-7097-49B3-B6E8-DBDD4045B4C2} = {430FD9CE-49B9-4DB5-80B3-46693C6171AB}
		{ED255262-EBBF-440B-934A-57129156ED06} = {E19719DC-1078-49FA-86AA-7150B80F580E}
		{F449BA00-9438-4AF0-AA83-BC57DF09E85B} = {ED255262-EBBF-440B-934A-57129156ED06}
		{26FC70BE-2379-42EA-8CFC-BDC2753FA382} = {5BE5C4F0-9D2B-4FDE-94C9-567BE3BA0AC7}
		{ED20DFA8-1D40-47F6-9965-D59258DDE132} = {26FC70BE-2379-42EA-8CFC-BDC2753FA382}
		{80D4F106-8500-47EC-BCB8-55F1B037F85F} = {E19719DC-1078-49FA-86AA-7150B80F580E}
		{F2AF5C4B-860B-40AB-8D75-DC1337D5F9C3} = {E19719DC-1078-49FA-86AA-7150B80F580E}
		{4E1277AC-3534-4160-AEF1-B4F129CCDB23} = {80D4F106-8500-47EC-BCB8-55F1B037F85F}
		{961E2CE3-246C-4752-9F0B-060BE3664A9D} = {F2AF5C4B-860B-40AB-8D75-DC1337D5F9C3}
		{54E6E7D8-887C-4CC6-A3F5-5B9B8A9EDB55} = {E19719DC-1078-49FA-86AA-7150B80F580E}
		{615EA7DE-1DBE-47FC-B5F9-AA5FE98970B9} = {54E6E7D8-887C-4CC6-A3F5-5B9B8A9EDB55}
		{20FA7EC0-452B-4B0B-9912-386F7B10F328} = {E19719DC-1078-49FA-86AA-7150B80F580E}
		{34A742DA-6AAA-4B8C-9645-EDAD2704C33E} = {E19719DC-1078-49FA-86AA-7150B80F580E}
		{852A8412-757E-4175-A83D-A5A75E4FB858} = {34A742DA-6AAA-4B8C-9645-EDAD2704C33E}
		{43EE056E-D546-4B7C-BD67-859AB1286E34} = {E19719DC-1078-49FA-86AA-7150B80F580E}
		{C59C053D-D5C8-405D-A7B6-FB10D7CE6AD6} = {43EE056E-D546-4B7C-BD67-859AB1286E34}
		{9058141A-0560-47B8-B65A-B42DB8DFF0C5} = {E19719DC-1078-49FA-86AA-7150B80F580E}
		{3BD9E94C-F519-4BBB-B02D-AC871A6652B2} = {E19719DC-1078-49FA-86AA-7150B80F580E}
		{8251CBF8-0ABD-408D-B593-1798503090FC} = {3BD9E94C-F519-4BBB-B02D-AC871A6652B2}
		{17A89790-C70D-4D39-88E0-1224B0AD6896} = {E19719DC-1078-49FA-86AA-7150B80F580E}
	EndGlobalSection
	GlobalSection(ExtensibilityGlobals) = postSolution
		SolutionGuid = {7AF98B8C-2186-4351-9C89-22C8CE5308BF}
	EndGlobalSection
EndGlobal